
Microsoft Visual Studio Solution File, Format Version 12.00
# Visual Studio Version 16
VisualStudioVersion = 16.0.31220.234
MinimumVisualStudioVersion = 10.0.40219.1
Project("{9A19103F-16F7-4668-BE54-9A1E7A4F7556}") = "ClassTestApp", "ClassTestApp\ClassTestApp.csproj", "{FFE5D9F5-EF23-4BCF-B1F7-438A4B4167AD}"
EndProject
Project("{9A19103F-16F7-4668-BE54-9A1E7A4F7556}") = "InterfaceTestApp", "InterfaceTestApp\InterfaceTestApp.csproj", "{82BEE7A0-4853-4FE6-9A1E-588B5E1890DD}"
EndProject
Project("{9A19103F-16F7-4668-BE54-9A1E7A4F7556}") = "UsingInterfaceTestApp", "UsingInterfaceTestApp\UsingInterfaceTestApp.csproj", "{4C0DBAC5-BF13-495B-AEC7-7957E6618CE9}"
EndProject
Project("{9A19103F-16F7-4668-BE54-9A1E7A4F7556}") = "AbstractClassTestApp", "AbstractClassTestApp\AbstractClassTestApp.csproj", "{C33987D2-B444-4C6C-AD09-32353C23F7FC}"
EndProject
Project("{9A19103F-16F7-4668-BE54-9A1E7A4F7556}") = "PropertyTestApp", "PropertyTestApp\PropertyTestApp.csproj", "{15713BED-C0A6-4E31-B915-59E42FD79938}"
EndProject
Project("{9A19103F-16F7-4668-BE54-9A1E7A4F7556}") = "ArrayClassTestApp", "ArrayTestApp\ArrayClassTestApp.csproj", "{67F23220-9024-4DC4-B2D3-75E39AE6F353}"
EndProject
Project("{FAE04EC0-301F-11D3-BF4B-00C04F79EFBC}") = "QueueTestApp", "QueueTestApp\QueueTestApp.csproj", "{36645F4E-08C3-4527-ABCA-8AEF75B7C921}"
EndProject
Project("{FAE04EC0-301F-11D3-BF4B-00C04F79EFBC}") = "IndexerTestApp", "IndexerTestApp\IndexerTestApp.csproj", "{4820DE71-9C71-47AA-BE51-96DBDD2180DA}"
EndProject
Global
	GlobalSection(SolutionConfigurationPlatforms) = preSolution
		Debug|Any CPU = Debug|Any CPU
		Release|Any CPU = Release|Any CPU
	EndGlobalSection
	GlobalSection(ProjectConfigurationPlatforms) = postSolution
		{FFE5D9F5-EF23-4BCF-B1F7-438A4B4167AD}.Debug|Any CPU.ActiveCfg = Debug|Any CPU
		{FFE5D9F5-EF23-4BCF-B1F7-438A4B4167AD}.Debug|Any CPU.Build.0 = Debug|Any CPU
		{FFE5D9F5-EF23-4BCF-B1F7-438A4B4167AD}.Release|Any CPU.ActiveCfg = Release|Any CPU
		{FFE5D9F5-EF23-4BCF-B1F7-438A4B4167AD}.Release|Any CPU.Build.0 = Release|Any CPU
		{82BEE7A0-4853-4FE6-9A1E-588B5E1890DD}.Debug|Any CPU.ActiveCfg = Debug|Any CPU
		{82BEE7A0-4853-4FE6-9A1E-588B5E1890DD}.Debug|Any CPU.Build.0 = Debug|Any CPU
		{82BEE7A0-4853-4FE6-9A1E-588B5E1890DD}.Release|Any CPU.ActiveCfg = Release|Any CPU
		{82BEE7A0-4853-4FE6-9A1E-588B5E1890DD}.Release|Any CPU.Build.0 = Release|Any CPU
		{4C0DBAC5-BF13-495B-AEC7-7957E6618CE9}.Debug|Any CPU.ActiveCfg = Debug|Any CPU
		{4C0DBAC5-BF13-495B-AEC7-7957E6618CE9}.Debug|Any CPU.Build.0 = Debug|Any CPU
		{4C0DBAC5-BF13-495B-AEC7-7957E6618CE9}.Release|Any CPU.ActiveCfg = Release|Any CPU
		{4C0DBAC5-BF13-495B-AEC7-7957E6618CE9}.Release|Any CPU.Build.0 = Release|Any CPU
		{C33987D2-B444-4C6C-AD09-32353C23F7FC}.Debug|Any CPU.ActiveCfg = Debug|Any CPU
		{C33987D2-B444-4C6C-AD09-32353C23F7FC}.Debug|Any CPU.Build.0 = Debug|Any CPU
		{C33987D2-B444-4C6C-AD09-32353C23F7FC}.Release|Any CPU.ActiveCfg = Release|Any CPU
		{C33987D2-B444-4C6C-AD09-32353C23F7FC}.Release|Any CPU.Build.0 = Release|Any CPU
		{15713BED-C0A6-4E31-B915-59E42FD79938}.Debug|Any CPU.ActiveCfg = Debug|Any CPU
		{15713BED-C0A6-4E31-B915-59E42FD79938}.Debug|Any CPU.Build.0 = Debug|Any CPU
		{15713BED-C0A6-4E31-B915-59E42FD79938}.Release|Any CPU.ActiveCfg = Release|Any CPU
		{15713BED-C0A6-4E31-B915-59E42FD79938}.Release|Any CPU.Build.0 = Release|Any CPU
		{67F23220-9024-4DC4-B2D3-75E39AE6F353}.Debug|Any CPU.ActiveCfg = Debug|Any CPU
		{67F23220-9024-4DC4-B2D3-75E39AE6F353}.Debug|Any CPU.Build.0 = Debug|Any CPU
		{67F23220-9024-4DC4-B2D3-75E39AE6F353}.Release|Any CPU.ActiveCfg = Release|Any CPU
		{67F23220-9024-4DC4-B2D3-75E39AE6F353}.Release|Any CPU.Build.0 = Release|Any CPU
		{36645F4E-08C3-4527-ABCA-8AEF75B7C921}.Debug|Any CPU.ActiveCfg = Debug|Any CPU
		{36645F4E-08C3-4527-ABCA-8AEF75B7C921}.Debug|Any CPU.Build.0 = Debug|Any CPU
		{36645F4E-08C3-4527-ABCA-8AEF75B7C921}.Release|Any CPU.ActiveCfg = Release|Any CPU
		{36645F4E-08C3-4527-ABCA-8AEF75B7C921}.Release|Any CPU.Build.0 = Release|Any CPU
		{4820DE71-9C71-47AA-BE51-96DBDD2180DA}.Debug|Any CPU.ActiveCfg = Debug|Any CPU
		{4820DE71-9C71-47AA-BE51-96DBDD2180DA}.Debug|Any CPU.Build.0 = Debug|Any CPU
		{4820DE71-9C71-47AA-BE51-96DBDD2180DA}.Release|Any CPU.ActiveCfg = Release|Any CPU
		{4820DE71-9C71-47AA-BE51-96DBDD2180DA}.Release|Any CPU.Build.0 = Release|Any CPU
	EndGlobalSection
	GlobalSection(SolutionProperties) = preSolution
		HideSolutionNode = FALSE
	EndGlobalSection
	GlobalSection(ExtensibilityGlobals) = postSolution
		SolutionGuid = {A3C314C3-C076-49D8-8BC6-1D580E3403CF}
	EndGlobalSection
EndGlobal
