
Microsoft Visual Studio Solution File, Format Version 12.00
# Visual Studio Version 16
VisualStudioVersion = 16.0.31220.234
MinimumVisualStudioVersion = 10.0.40219.1
Project("{9A19103F-16F7-4668-BE54-9A1E7A4F7556}") = "ClassTestApp", "ClassTestApp\ClassTestApp.csproj", "{FFE5D9F5-EF23-4BCF-B1F7-438A4B4167AD}"
EndProject
Project("{9A19103F-16F7-4668-BE54-9A1E7A4F7556}") = "InterfaceTestApp", "InterfaceTestApp\InterfaceTestApp.csproj", "{82BEE7A0-4853-4FE6-9A1E-588B5E1890DD}"
EndProject
Project("{9A19103F-16F7-4668-BE54-9A1E7A4F7556}") = "UsingInterfaceTestApp", "UsingInterfaceTestApp\UsingInterfaceTestApp.csproj", "{4C0DBAC5-BF13-495B-AEC7-7957E6618CE9}"
EndProject
Project("{9A19103F-16F7-4668-BE54-9A1E7A4F7556}") = "AbstractClassTestApp", "AbstractClassTestApp\AbstractClassTestApp.csproj", "{C33987D2-B444-4C6C-AD09-32353C23F7FC}"
EndProject
Project("{9A19103F-16F7-4668-BE54-9A1E7A4F7556}") = "PropertyTestApp", "PropertyTestApp\PropertyTestApp.csproj", "{15713BED-C0A6-4E31-B915-59E42FD79938}"
EndProject
Project("{9A19103F-16F7-4668-BE54-9A1E7A4F7556}") = "ArrayClassTestApp", "ArrayTestApp\ArrayClassTestApp.csproj", "{67F23220-9024-4DC4-B2D3-75E39AE6F353}"
EndProject
Project("{9A19103F-16F7-4668-BE54-9A1E7A4F7556}") = "QueueTestApp", "QueueTestApp\QueueTestApp.csproj", "{36645F4E-08C3-4527-ABCA-8AEF75B7C921}"
EndProject
Project("{9A19103F-16F7-4668-BE54-9A1E7A4F7556}") = "IndexerTestApp", "IndexerTestApp\IndexerTestApp.csproj", "{4820DE71-9C71-47AA-BE51-96DBDD2180DA}"
EndProject
Project("{9A19103F-16F7-4668-BE54-9A1E7A4F7556}") = "GenericTestApp", "GenericTestApp\GenericTestApp.csproj", "{100772D8-0830-4E27-B6DF-A4EF144BD1CD}"
EndProject
Project("{9A19103F-16F7-4668-BE54-9A1E7A4F7556}") = "GenericMyListApp", "GenericMyListApp\GenericMyListApp.csproj", "{F382A23F-D7B2-4693-9BC2-582A17E6AC34}"
EndProject
Project("{9A19103F-16F7-4668-BE54-9A1E7A4F7556}") = "GenericCollectionApp", "GenericCollectionApp\GenericCollectionApp.csproj", "{84758DC2-78C0-40B2-8C4D-B27FD6ABB518}"
EndProject
Project("{FAE04EC0-301F-11D3-BF4B-00C04F79EFBC}") = "ExceptionTestApp", "ExceptionTestApp\ExceptionTestApp.csproj", "{7D879FF7-AA43-4EC0-8D81-E65F44941165}"
EndProject
Project("{FAE04EC0-301F-11D3-BF4B-00C04F79EFBC}") = "DelegateTestApp", "DelegateTestApp\DelegateTestApp.csproj", "{9A090396-CDBF-4898-9AD0-8B745E7D129F}"
EndProject
Project("{FAE04EC0-301F-11D3-BF4B-00C04F79EFBC}") = "DelegateChainApp", "DelegateChainApp\DelegateChainApp.csproj", "{5E1CB1A5-15D4-48C7-AB7D-C2FADB7985BB}"
EndProject
Project("{FAE04EC0-301F-11D3-BF4B-00C04F79EFBC}") = "EventHandlerTestApp", "EventHandlerTestApp\EventHandlerTestApp.csproj", "{4871E29D-A9C1-4C64-8CCE-D23A1E363479}"
EndProject
Global
	GlobalSection(SolutionConfigurationPlatforms) = preSolution
		Debug|Any CPU = Debug|Any CPU
		Release|Any CPU = Release|Any CPU
	EndGlobalSection
	GlobalSection(ProjectConfigurationPlatforms) = postSolution
		{FFE5D9F5-EF23-4BCF-B1F7-438A4B4167AD}.Debug|Any CPU.ActiveCfg = Debug|Any CPU
		{FFE5D9F5-EF23-4BCF-B1F7-438A4B4167AD}.Debug|Any CPU.Build.0 = Debug|Any CPU
		{FFE5D9F5-EF23-4BCF-B1F7-438A4B4167AD}.Release|Any CPU.ActiveCfg = Release|Any CPU
		{FFE5D9F5-EF23-4BCF-B1F7-438A4B4167AD}.Release|Any CPU.Build.0 = Release|Any CPU
		{82BEE7A0-4853-4FE6-9A1E-588B5E1890DD}.Debug|Any CPU.ActiveCfg = Debug|Any CPU
		{82BEE7A0-4853-4FE6-9A1E-588B5E1890DD}.Debug|Any CPU.Build.0 = Debug|Any CPU
		{82BEE7A0-4853-4FE6-9A1E-588B5E1890DD}.Release|Any CPU.ActiveCfg = Release|Any CPU
		{82BEE7A0-4853-4FE6-9A1E-588B5E1890DD}.Release|Any CPU.Build.0 = Release|Any CPU
		{4C0DBAC5-BF13-495B-AEC7-7957E6618CE9}.Debug|Any CPU.ActiveCfg = Debug|Any CPU
		{4C0DBAC5-BF13-495B-AEC7-7957E6618CE9}.Debug|Any CPU.Build.0 = Debug|Any CPU
		{4C0DBAC5-BF13-495B-AEC7-7957E6618CE9}.Release|Any CPU.ActiveCfg = Release|Any CPU
		{4C0DBAC5-BF13-495B-AEC7-7957E6618CE9}.Release|Any CPU.Build.0 = Release|Any CPU
		{C33987D2-B444-4C6C-AD09-32353C23F7FC}.Debug|Any CPU.ActiveCfg = Debug|Any CPU
		{C33987D2-B444-4C6C-AD09-32353C23F7FC}.Debug|Any CPU.Build.0 = Debug|Any CPU
		{C33987D2-B444-4C6C-AD09-32353C23F7FC}.Release|Any CPU.ActiveCfg = Release|Any CPU
		{C33987D2-B444-4C6C-AD09-32353C23F7FC}.Release|Any CPU.Build.0 = Release|Any CPU
		{15713BED-C0A6-4E31-B915-59E42FD79938}.Debug|Any CPU.ActiveCfg = Debug|Any CPU
		{15713BED-C0A6-4E31-B915-59E42FD79938}.Debug|Any CPU.Build.0 = Debug|Any CPU
		{15713BED-C0A6-4E31-B915-59E42FD79938}.Release|Any CPU.ActiveCfg = Release|Any CPU
		{15713BED-C0A6-4E31-B915-59E42FD79938}.Release|Any CPU.Build.0 = Release|Any CPU
		{67F23220-9024-4DC4-B2D3-75E39AE6F353}.Debug|Any CPU.ActiveCfg = Debug|Any CPU
		{67F23220-9024-4DC4-B2D3-75E39AE6F353}.Debug|Any CPU.Build.0 = Debug|Any CPU
		{67F23220-9024-4DC4-B2D3-75E39AE6F353}.Release|Any CPU.ActiveCfg = Release|Any CPU
		{67F23220-9024-4DC4-B2D3-75E39AE6F353}.Release|Any CPU.Build.0 = Release|Any CPU
		{36645F4E-08C3-4527-ABCA-8AEF75B7C921}.Debug|Any CPU.ActiveCfg = Debug|Any CPU
		{36645F4E-08C3-4527-ABCA-8AEF75B7C921}.Debug|Any CPU.Build.0 = Debug|Any CPU
		{36645F4E-08C3-4527-ABCA-8AEF75B7C921}.Release|Any CPU.ActiveCfg = Release|Any CPU
		{36645F4E-08C3-4527-ABCA-8AEF75B7C921}.Release|Any CPU.Build.0 = Release|Any CPU
		{4820DE71-9C71-47AA-BE51-96DBDD2180DA}.Debug|Any CPU.ActiveCfg = Debug|Any CPU
		{4820DE71-9C71-47AA-BE51-96DBDD2180DA}.Debug|Any CPU.Build.0 = Debug|Any CPU
		{4820DE71-9C71-47AA-BE51-96DBDD2180DA}.Release|Any CPU.ActiveCfg = Release|Any CPU
		{4820DE71-9C71-47AA-BE51-96DBDD2180DA}.Release|Any CPU.Build.0 = Release|Any CPU
		{100772D8-0830-4E27-B6DF-A4EF144BD1CD}.Debug|Any CPU.ActiveCfg = Debug|Any CPU
		{100772D8-0830-4E27-B6DF-A4EF144BD1CD}.Debug|Any CPU.Build.0 = Debug|Any CPU
		{100772D8-0830-4E27-B6DF-A4EF144BD1CD}.Release|Any CPU.ActiveCfg = Release|Any CPU
		{100772D8-0830-4E27-B6DF-A4EF144BD1CD}.Release|Any CPU.Build.0 = Release|Any CPU
		{F382A23F-D7B2-4693-9BC2-582A17E6AC34}.Debug|Any CPU.ActiveCfg = Debug|Any CPU
		{F382A23F-D7B2-4693-9BC2-582A17E6AC34}.Debug|Any CPU.Build.0 = Debug|Any CPU
		{F382A23F-D7B2-4693-9BC2-582A17E6AC34}.Release|Any CPU.ActiveCfg = Release|Any CPU
		{F382A23F-D7B2-4693-9BC2-582A17E6AC34}.Release|Any CPU.Build.0 = Release|Any CPU
		{84758DC2-78C0-40B2-8C4D-B27FD6ABB518}.Debug|Any CPU.ActiveCfg = Debug|Any CPU
		{84758DC2-78C0-40B2-8C4D-B27FD6ABB518}.Debug|Any CPU.Build.0 = Debug|Any CPU
		{84758DC2-78C0-40B2-8C4D-B27FD6ABB518}.Release|Any CPU.ActiveCfg = Release|Any CPU
		{84758DC2-78C0-40B2-8C4D-B27FD6ABB518}.Release|Any CPU.Build.0 = Release|Any CPU
		{7D879FF7-AA43-4EC0-8D81-E65F44941165}.Debug|Any CPU.ActiveCfg = Debug|Any CPU
		{7D879FF7-AA43-4EC0-8D81-E65F44941165}.Debug|Any CPU.Build.0 = Debug|Any CPU
		{7D879FF7-AA43-4EC0-8D81-E65F44941165}.Release|Any CPU.ActiveCfg = Release|Any CPU
		{7D879FF7-AA43-4EC0-8D81-E65F44941165}.Release|Any CPU.Build.0 = Release|Any CPU
		{9A090396-CDBF-4898-9AD0-8B745E7D129F}.Debug|Any CPU.ActiveCfg = Debug|Any CPU
		{9A090396-CDBF-4898-9AD0-8B745E7D129F}.Debug|Any CPU.Build.0 = Debug|Any CPU
		{9A090396-CDBF-4898-9AD0-8B745E7D129F}.Release|Any CPU.ActiveCfg = Release|Any CPU
		{9A090396-CDBF-4898-9AD0-8B745E7D129F}.Release|Any CPU.Build.0 = Release|Any CPU
		{5E1CB1A5-15D4-48C7-AB7D-C2FADB7985BB}.Debug|Any CPU.ActiveCfg = Debug|Any CPU
		{5E1CB1A5-15D4-48C7-AB7D-C2FADB7985BB}.Debug|Any CPU.Build.0 = Debug|Any CPU
		{5E1CB1A5-15D4-48C7-AB7D-C2FADB7985BB}.Release|Any CPU.ActiveCfg = Release|Any CPU
		{5E1CB1A5-15D4-48C7-AB7D-C2FADB7985BB}.Release|Any CPU.Build.0 = Release|Any CPU
		{4871E29D-A9C1-4C64-8CCE-D23A1E363479}.Debug|Any CPU.ActiveCfg = Debug|Any CPU
		{4871E29D-A9C1-4C64-8CCE-D23A1E363479}.Debug|Any CPU.Build.0 = Debug|Any CPU
		{4871E29D-A9C1-4C64-8CCE-D23A1E363479}.Release|Any CPU.ActiveCfg = Release|Any CPU
		{4871E29D-A9C1-4C64-8CCE-D23A1E363479}.Release|Any CPU.Build.0 = Release|Any CPU
	EndGlobalSection
	GlobalSection(SolutionProperties) = preSolution
		HideSolutionNode = FALSE
	EndGlobalSection
	GlobalSection(ExtensibilityGlobals) = postSolution
		SolutionGuid = {A3C314C3-C076-49D8-8BC6-1D580E3403CF}
	EndGlobalSection
EndGlobal
